
Microsoft Visual Studio Solution File, Format Version 12.00
# Visual Studio Version 16
VisualStudioVersion = 16.0.30320.27
MinimumVisualStudioVersion = 10.0.40219.1
Project("{FAE04EC0-301F-11D3-BF4B-00C04F79EFBC}") = "CaimanApp.Android", "CaimanApp\CaimanApp.Android\CaimanApp.Android.csproj", "{3FA3237D-7E3F-4FF1-90FC-DAFD50232AD6}"
EndProject
Project("{FAE04EC0-301F-11D3-BF4B-00C04F79EFBC}") = "CaimanApp.iOS", "CaimanApp\CaimanApp.iOS\CaimanApp.iOS.csproj", "{6F3FD357-040E-48EE-A90A-8CD34FC989DA}"
EndProject
Project("{FAE04EC0-301F-11D3-BF4B-00C04F79EFBC}") = "CaimanApp", "CaimanApp\CaimanApp\CaimanApp.csproj", "{6968453F-178B-4D4C-A638-D8F24543A72D}"
EndProject
Global
	GlobalSection(SolutionConfigurationPlatforms) = preSolution
		Debug|Any CPU = Debug|Any CPU
		Debug|iPhone = Debug|iPhone
		Debug|iPhoneSimulator = Debug|iPhoneSimulator
		Release|Any CPU = Release|Any CPU
		Release|iPhone = Release|iPhone
		Release|iPhoneSimulator = Release|iPhoneSimulator
	EndGlobalSection
	GlobalSection(ProjectConfigurationPlatforms) = postSolution
		{3FA3237D-7E3F-4FF1-90FC-DAFD50232AD6}.Debug|Any CPU.ActiveCfg = Debug|Any CPU
		{3FA3237D-7E3F-4FF1-90FC-DAFD50232AD6}.Debug|Any CPU.Build.0 = Debug|Any CPU
		{3FA3237D-7E3F-4FF1-90FC-DAFD50232AD6}.Debug|Any CPU.Deploy.0 = Debug|Any CPU
		{3FA3237D-7E3F-4FF1-90FC-DAFD50232AD6}.Debug|iPhone.ActiveCfg = Debug|Any CPU
		{3FA3237D-7E3F-4FF1-90FC-DAFD50232AD6}.Debug|iPhone.Build.0 = Debug|Any CPU
		{3FA3237D-7E3F-4FF1-90FC-DAFD50232AD6}.Debug|iPhone.Deploy.0 = Debug|Any CPU
		{3FA3237D-7E3F-4FF1-90FC-DAFD50232AD6}.Debug|iPhoneSimulator.ActiveCfg = Debug|Any CPU
		{3FA3237D-7E3F-4FF1-90FC-DAFD50232AD6}.Debug|iPhoneSimulator.Build.0 = Debug|Any CPU
		{3FA3237D-7E3F-4FF1-90FC-DAFD50232AD6}.Debug|iPhoneSimulator.Deploy.0 = Debug|Any CPU
		{3FA3237D-7E3F-4FF1-90FC-DAFD50232AD6}.Release|Any CPU.ActiveCfg = Release|Any CPU
		{3FA3237D-7E3F-4FF1-90FC-DAFD50232AD6}.Release|Any CPU.Build.0 = Release|Any CPU
		{3FA3237D-7E3F-4FF1-90FC-DAFD50232AD6}.Release|Any CPU.Deploy.0 = Release|Any CPU
		{3FA3237D-7E3F-4FF1-90FC-DAFD50232AD6}.Release|iPhone.ActiveCfg = Release|Any CPU
		{3FA3237D-7E3F-4FF1-90FC-DAFD50232AD6}.Release|iPhone.Build.0 = Release|Any CPU
		{3FA3237D-7E3F-4FF1-90FC-DAFD50232AD6}.Release|iPhone.Deploy.0 = Release|Any CPU
		{3FA3237D-7E3F-4FF1-90FC-DAFD50232AD6}.Release|iPhoneSimulator.ActiveCfg = Release|Any CPU
		{3FA3237D-7E3F-4FF1-90FC-DAFD50232AD6}.Release|iPhoneSimulator.Build.0 = Release|Any CPU
		{3FA3237D-7E3F-4FF1-90FC-DAFD50232AD6}.Release|iPhoneSimulator.Deploy.0 = Release|Any CPU
		{6F3FD357-040E-48EE-A90A-8CD34FC989DA}.Debug|Any CPU.ActiveCfg = Debug|iPhone
		{6F3FD357-040E-48EE-A90A-8CD34FC989DA}.Debug|Any CPU.Build.0 = Debug|iPhone
		{6F3FD357-040E-48EE-A90A-8CD34FC989DA}.Debug|Any CPU.Deploy.0 = Debug|iPhone
		{6F3FD357-040E-48EE-A90A-8CD34FC989DA}.Debug|iPhone.ActiveCfg = Debug|iPhone
		{6F3FD357-040E-48EE-A90A-8CD34FC989DA}.Debug|iPhone.Build.0 = Debug|iPhone
		{6F3FD357-040E-48EE-A90A-8CD34FC989DA}.Debug|iPhone.Deploy.0 = Debug|iPhone
		{6F3FD357-040E-48EE-A90A-8CD34FC989DA}.Debug|iPhoneSimulator.ActiveCfg = Debug|iPhoneSimulator
		{6F3FD357-040E-48EE-A90A-8CD34FC989DA}.Debug|iPhoneSimulator.Build.0 = Debug|iPhoneSimulator
		{6F3FD357-040E-48EE-A90A-8CD34FC989DA}.Debug|iPhoneSimulator.Deploy.0 = Debug|iPhoneSimulator
		{6F3FD357-040E-48EE-A90A-8CD34FC989DA}.Release|Any CPU.ActiveCfg = Release|iPhone
		{6F3FD357-040E-48EE-A90A-8CD34FC989DA}.Release|Any CPU.Build.0 = Release|iPhone
		{6F3FD357-040E-48EE-A90A-8CD34FC989DA}.Release|Any CPU.Deploy.0 = Release|iPhone
		{6F3FD357-040E-48EE-A90A-8CD34FC989DA}.Release|iPhone.ActiveCfg = Release|iPhone
		{6F3FD357-040E-48EE-A90A-8CD34FC989DA}.Release|iPhone.Build.0 = Release|iPhone
		{6F3FD357-040E-48EE-A90A-8CD34FC989DA}.Release|iPhone.Deploy.0 = Release|iPhone
		{6F3FD357-040E-48EE-A90A-8CD34FC989DA}.Release|iPhoneSimulator.ActiveCfg = Release|iPhoneSimulator
		{6F3FD357-040E-48EE-A90A-8CD34FC989DA}.Release|iPhoneSimulator.Build.0 = Release|iPhoneSimulator
		{6F3FD357-040E-48EE-A90A-8CD34FC989DA}.Release|iPhoneSimulator.Deploy.0 = Release|iPhoneSimulator
		{6968453F-178B-4D4C-A638-D8F24543A72D}.Debug|Any CPU.ActiveCfg = Debug|Any CPU
		{6968453F-178B-4D4C-A638-D8F24543A72D}.Debug|Any CPU.Build.0 = Debug|Any CPU
		{6968453F-178B-4D4C-A638-D8F24543A72D}.Debug|Any CPU.Deploy.0 = Debug|Any CPU
		{6968453F-178B-4D4C-A638-D8F24543A72D}.Debug|iPhone.ActiveCfg = Debug|Any CPU
		{6968453F-178B-4D4C-A638-D8F24543A72D}.Debug|iPhone.Build.0 = Debug|Any CPU
		{6968453F-178B-4D4C-A638-D8F24543A72D}.Debug|iPhone.Deploy.0 = Debug|Any CPU
		{6968453F-178B-4D4C-A638-D8F24543A72D}.Debug|iPhoneSimulator.ActiveCfg = Debug|Any CPU
		{6968453F-178B-4D4C-A638-D8F24543A72D}.Debug|iPhoneSimulator.Build.0 = Debug|Any CPU
		{6968453F-178B-4D4C-A638-D8F24543A72D}.Debug|iPhoneSimulator.Deploy.0 = Debug|Any CPU
		{6968453F-178B-4D4C-A638-D8F24543A72D}.Release|Any CPU.ActiveCfg = Release|Any CPU
		{6968453F-178B-4D4C-A638-D8F24543A72D}.Release|Any CPU.Build.0 = Release|Any CPU
		{6968453F-178B-4D4C-A638-D8F24543A72D}.Release|Any CPU.Deploy.0 = Release|Any CPU
		{6968453F-178B-4D4C-A638-D8F24543A72D}.Release|iPhone.ActiveCfg = Release|Any CPU
		{6968453F-178B-4D4C-A638-D8F24543A72D}.Release|iPhone.Build.0 = Release|Any CPU
		{6968453F-178B-4D4C-A638-D8F24543A72D}.Release|iPhone.Deploy.0 = Release|Any CPU
		{6968453F-178B-4D4C-A638-D8F24543A72D}.Release|iPhoneSimulator.ActiveCfg = Release|Any CPU
		{6968453F-178B-4D4C-A638-D8F24543A72D}.Release|iPhoneSimulator.Build.0 = Release|Any CPU
		{6968453F-178B-4D4C-A638-D8F24543A72D}.Release|iPhoneSimulator.Deploy.0 = Release|Any CPU
	EndGlobalSection
	GlobalSection(SolutionProperties) = preSolution
		HideSolutionNode = FALSE
	EndGlobalSection
	GlobalSection(ExtensibilityGlobals) = postSolution
		SolutionGuid = {E7DC8097-4C50-47CD-A1FE-B0D4CE11F433}
	EndGlobalSection
EndGlobal
